
Microsoft Visual Studio Solution File, Format Version 12.00
# Visual Studio Version 17
VisualStudioVersion = 17.2.32630.192
MinimumVisualStudioVersion = 10.0.40219.1
Project("{9A19103F-16F7-4668-BE54-9A1E7A4F7556}") = "APIBank", "APIBank\APIBank.csproj", "{2D9C3BCA-156D-442C-8E88-2719180FE433}"
EndProject
Project("{2150E333-8FDC-42A3-9474-1A3956D46DE8}") = "Solution Items", "Solution Items", "{24E172BA-5211-4820-BF5C-2B0504736896}"
	ProjectSection(SolutionItems) = preProject
		.editorconfig = .editorconfig
	EndProjectSection
EndProject
Global
	GlobalSection(SolutionConfigurationPlatforms) = preSolution
		Debug|Any CPU = Debug|Any CPU
		Release|Any CPU = Release|Any CPU
	EndGlobalSection
	GlobalSection(ProjectConfigurationPlatforms) = postSolution
		{2D9C3BCA-156D-442C-8E88-2719180FE433}.Debug|Any CPU.ActiveCfg = Debug|Any CPU
		{2D9C3BCA-156D-442C-8E88-2719180FE433}.Debug|Any CPU.Build.0 = Debug|Any CPU
		{2D9C3BCA-156D-442C-8E88-2719180FE433}.Release|Any CPU.ActiveCfg = Release|Any CPU
		{2D9C3BCA-156D-442C-8E88-2719180FE433}.Release|Any CPU.Build.0 = Release|Any CPU
	EndGlobalSection
	GlobalSection(SolutionProperties) = preSolution
		HideSolutionNode = FALSE
	EndGlobalSection
	GlobalSection(ExtensibilityGlobals) = postSolution
		SolutionGuid = {41FF4F07-9222-4296-94FA-A13DC0C116E0}
	EndGlobalSection
EndGlobal
